{
  "lockfile_version": "1",
  "packages": {
    "github:NixOS/nixpkgs/nixpkgs-unstable": {
      "last_modified": "2026-04-16T08:46:55Z",
      "resolved": "github:NixOS/nixpkgs/b86751bc4085f48661017fa226dee99fab6c651b?lastModified=1776329215"
    },
    "pre-commit@latest": {
      "last_modified": "2026-05-03T08:31:49Z",
      "resolved": "github:NixOS/nixpkgs/90c100cb48d61a0316b9479bb03f1be36d34b92a#pre-commit",
      "source": "devbox-search",
      "version": "4.5.1",
      "systems": {
        "aarch64-darwin": {
          "outputs": [
            {
              "name": "out",
              "path": "/nix/store/sc7yf1pjki5wr8fl32668cvwcz6fg7z2-pre-commit-4.5.1",
              "default": true
            },
            {
              "name": "dist",
              "path": "/nix/store/mnvfhlxypcnhgj86w0yb99qn23idyl9s-pre-commit-4.5.1-dist"
            }
          ],
          "store_path": "/nix/store/sc7yf1pjki5wr8fl32668cvwcz6fg7z2-pre-commit-4.5.1"
        },
        "aarch64-linux": {
          "outputs": [
            {
              "name": "out",
              "path": "/nix/store/21z7ni1rsz8kyc72s4rv3yaj0b0a0dkd-pre-commit-4.5.1",
              "default": true
            },
            {
              "name": "dist",
              "path": "/nix/store/i5ydw8yjlyncnmj2xlixbn92hzpncxph-pre-commit-4.5.1-dist"
            }
          ],
          "store_path": "/nix/store/21z7ni1rsz8kyc72s4rv3yaj0b0a0dkd-pre-commit-4.5.1"
        },
        "x86_64-darwin": {
          "outputs": [
            {
              "name": "out",
              "path": "/nix/store/cyg8p7vsriyvh8ciq8iv1p8x33vcjia8-pre-commit-4.5.1",
              "default": true
            },
            {
              "name": "dist",
              "path": "/nix/store/07bqg3w88gl45vrx21x6rbnsg8c8p5xc-pre-commit-4.5.1-dist"
            }
          ],
          "store_path": "/nix/store/cyg8p7vsriyvh8ciq8iv1p8x33vcjia8-pre-commit-4.5.1"
        },
        "x86_64-linux": {
          "outputs": [
            {
              "name": "out",
              "path": "/nix/store/dkbmb92knazrv7z114243y4r6d78055l-pre-commit-4.5.1",
              "default": true
            },
            {
              "name": "dist",
              "path": "/nix/store/vw0g1v72pmab5fnwij18bphqjfa2vp8p-pre-commit-4.5.1-dist"
            }
          ],
          "store_path": "/nix/store/dkbmb92knazrv7z114243y4r6d78055l-pre-commit-4.5.1"
        }
      }
    },
    "uv@latest": {
      "last_modified": "2026-04-28T17:03:49Z",
      "resolved": "github:NixOS/nixpkgs/e75f25705c2934955ee5075e62530d74aca973c6#uv",
      "source": "devbox-search",
      "version": "0.11.8",
      "systems": {
        "aarch64-darwin": {
          "outputs": [
            {
              "name": "out",
              "path": "/nix/store/9yc0dyp8ymcgmqq0kgilif31xcyr0jya-uv-0.11.8",
              "default": true
            }
          ],
          "store_path": "/nix/store/9yc0dyp8ymcgmqq0kgilif31xcyr0jya-uv-0.11.8"
        },
        "aarch64-linux": {
          "outputs": [
            {
              "name": "out",
              "path": "/nix/store/1413srfhakqmzxc9f3m3vwq90fmc1l5w-uv-0.11.8",
              "default": true
            }
          ],
          "store_path": "/nix/store/1413srfhakqmzxc9f3m3vwq90fmc1l5w-uv-0.11.8"
        },
        "x86_64-darwin": {
          "outputs": [
            {
              "name": "out",
              "path": "/nix/store/vc2x50g0316b91kn0y8njwdfchvnmdkg-uv-0.11.8",
              "default": true
            }
          ],
          "store_path": "/nix/store/vc2x50g0316b91kn0y8njwdfchvnmdkg-uv-0.11.8"
        },
        "x86_64-linux": {
          "outputs": [
            {
              "name": "out",
              "path": "/nix/store/9xinbvah2sr4k5g05g7w48q2klf2va5f-uv-0.11.8",
              "default": true
            }
          ],
          "store_path": "/nix/store/9xinbvah2sr4k5g05g7w48q2klf2va5f-uv-0.11.8"
        }
      }
    }
  }
}
